
Microsoft Visual Studio Solution File, Format Version 12.00
# Visual Studio 2012
Project("{FAE04EC0-301F-11D3-BF4B-00C04F79EFBC}") = "ThePrizeOf1For2", "ThePrizeOf1For2\ThePrizeOf1For2.csproj", "{D310F44D-BF76-4C8D-A6B9-F70D657216B0}"
EndProject
Global
	GlobalSection(SolutionConfigurationPlatforms) = preSolution
		Debug|Any CPU = Debug|Any CPU
		Release|Any CPU = Release|Any CPU
	EndGlobalSection
	GlobalSection(ProjectConfigurationPlatforms) = postSolution
		{D310F44D-BF76-4C8D-A6B9-F70D657216B0}.Debug|Any CPU.ActiveCfg = Debug|Any CPU
		{D310F44D-BF76-4C8D-A6B9-F70D657216B0}.Debug|Any CPU.Build.0 = Debug|Any CPU
		{D310F44D-BF76-4C8D-A6B9-F70D657216B0}.Release|Any CPU.ActiveCfg = Release|Any CPU
		{D310F44D-BF76-4C8D-A6B9-F70D657216B0}.Release|Any CPU.Build.0 = Release|Any CPU
	EndGlobalSection
	GlobalSection(SolutionProperties) = preSolution
		HideSolutionNode = FALSE
	EndGlobalSection
EndGlobal
